
Microsoft Visual Studio Solution File, Format Version 12.00
# Visual Studio Version 17
VisualStudioVersion = 17.5.33516.290
MinimumVisualStudioVersion = 10.0.40219.1
Project("{FAE04EC0-301F-11D3-BF4B-00C04F79EFBC}") = "XOgame", "XOgame\XOgame.csproj", "{61EDAE6D-D9A2-47A2-8CBC-20473BB0B3FB}"
EndProject
Global
	GlobalSection(SolutionConfigurationPlatforms) = preSolution
		Debug|Any CPU = Debug|Any CPU
		Release|Any CPU = Release|Any CPU
	EndGlobalSection
	GlobalSection(ProjectConfigurationPlatforms) = postSolution
		{61EDAE6D-D9A2-47A2-8CBC-20473BB0B3FB}.Debug|Any CPU.ActiveCfg = Debug|Any CPU
		{61EDAE6D-D9A2-47A2-8CBC-20473BB0B3FB}.Debug|Any CPU.Build.0 = Debug|Any CPU
		{61EDAE6D-D9A2-47A2-8CBC-20473BB0B3FB}.Release|Any CPU.ActiveCfg = Release|Any CPU
		{61EDAE6D-D9A2-47A2-8CBC-20473BB0B3FB}.Release|Any CPU.Build.0 = Release|Any CPU
	EndGlobalSection
	GlobalSection(SolutionProperties) = preSolution
		HideSolutionNode = FALSE
	EndGlobalSection
	GlobalSection(ExtensibilityGlobals) = postSolution
		SolutionGuid = {565CA935-6412-4517-8F75-A88AA5F4E440}
	EndGlobalSection
EndGlobal
